
Microsoft Visual Studio Solution File, Format Version 12.00
# Visual Studio 15
VisualStudioVersion = 15.0.27004.2006
MinimumVisualStudioVersion = 10.0.40219.1
Project("{2150E333-8FDC-42A3-9474-1A3956D46DE8}") = "src", "src", "{0557426A-771B-4482-9BE9-D01C4FF11806}"
EndProject
Project("{9A19103F-16F7-4668-BE54-9A1E7A4F7556}") = "Digiseller.Client.Core", "src\Digiseller.Client.Core\Digiseller.Client.Core.csproj", "{137A847D-63DA-4A60-8ED4-380B9619502A}"
EndProject
Global
	GlobalSection(SolutionConfigurationPlatforms) = preSolution
		Debug|Any CPU = Debug|Any CPU
		Release|Any CPU = Release|Any CPU
	EndGlobalSection
	GlobalSection(ProjectConfigurationPlatforms) = postSolution
		{137A847D-63DA-4A60-8ED4-380B9619502A}.Debug|Any CPU.ActiveCfg = Debug|Any CPU
		{137A847D-63DA-4A60-8ED4-380B9619502A}.Debug|Any CPU.Build.0 = Debug|Any CPU
		{137A847D-63DA-4A60-8ED4-380B9619502A}.Release|Any CPU.ActiveCfg = Release|Any CPU
		{137A847D-63DA-4A60-8ED4-380B9619502A}.Release|Any CPU.Build.0 = Release|Any CPU
	EndGlobalSection
	GlobalSection(SolutionProperties) = preSolution
		HideSolutionNode = FALSE
	EndGlobalSection
	GlobalSection(NestedProjects) = preSolution
		{137A847D-63DA-4A60-8ED4-380B9619502A} = {0557426A-771B-4482-9BE9-D01C4FF11806}
	EndGlobalSection
	GlobalSection(ExtensibilityGlobals) = postSolution
		SolutionGuid = {872A4B0D-F1F3-4200-9A96-0019395CE680}
	EndGlobalSection
EndGlobal
